
Microsoft Visual Studio Solution File, Format Version 12.00
# Visual Studio Version 17
VisualStudioVersion = 17.7.34031.279
MinimumVisualStudioVersion = 10.0.40219.1
Project("{9A19103F-16F7-4668-BE54-9A1E7A4F7556}") = "BlazorECommerce.Server", "Server\BlazorECommerce.Server.csproj", "{3EC943A1-34A8-4758-BECB-8F58B7025B29}"
EndProject
Project("{9A19103F-16F7-4668-BE54-9A1E7A4F7556}") = "BlazorECommerce.Client", "Client\BlazorECommerce.Client.csproj", "{543521B6-0EAB-4D31-8836-D26D8CEF9B40}"
EndProject
Project("{9A19103F-16F7-4668-BE54-9A1E7A4F7556}") = "BlazorECommerce.Shared", "Shared\BlazorECommerce.Shared.csproj", "{49F0C9F2-AC6E-4920-B00D-7718A226A3CE}"
EndProject
Global
	GlobalSection(SolutionConfigurationPlatforms) = preSolution
		Debug|Any CPU = Debug|Any CPU
		Release|Any CPU = Release|Any CPU
	EndGlobalSection
	GlobalSection(ProjectConfigurationPlatforms) = postSolution
		{3EC943A1-34A8-4758-BECB-8F58B7025B29}.Debug|Any CPU.ActiveCfg = Debug|Any CPU
		{3EC943A1-34A8-4758-BECB-8F58B7025B29}.Debug|Any CPU.Build.0 = Debug|Any CPU
		{3EC943A1-34A8-4758-BECB-8F58B7025B29}.Release|Any CPU.ActiveCfg = Release|Any CPU
		{3EC943A1-34A8-4758-BECB-8F58B7025B29}.Release|Any CPU.Build.0 = Release|Any CPU
		{543521B6-0EAB-4D31-8836-D26D8CEF9B40}.Debug|Any CPU.ActiveCfg = Debug|Any CPU
		{543521B6-0EAB-4D31-8836-D26D8CEF9B40}.Debug|Any CPU.Build.0 = Debug|Any CPU
		{543521B6-0EAB-4D31-8836-D26D8CEF9B40}.Release|Any CPU.ActiveCfg = Release|Any CPU
		{543521B6-0EAB-4D31-8836-D26D8CEF9B40}.Release|Any CPU.Build.0 = Release|Any CPU
		{49F0C9F2-AC6E-4920-B00D-7718A226A3CE}.Debug|Any CPU.ActiveCfg = Debug|Any CPU
		{49F0C9F2-AC6E-4920-B00D-7718A226A3CE}.Debug|Any CPU.Build.0 = Debug|Any CPU
		{49F0C9F2-AC6E-4920-B00D-7718A226A3CE}.Release|Any CPU.ActiveCfg = Release|Any CPU
		{49F0C9F2-AC6E-4920-B00D-7718A226A3CE}.Release|Any CPU.Build.0 = Release|Any CPU
	EndGlobalSection
	GlobalSection(SolutionProperties) = preSolution
		HideSolutionNode = FALSE
	EndGlobalSection
	GlobalSection(ExtensibilityGlobals) = postSolution
		SolutionGuid = {30B66E7C-190F-4784-ADAF-7E77BFDE08EF}
	EndGlobalSection
EndGlobal
